
Microsoft Visual Studio Solution File, Format Version 12.00
# Visual Studio Version 17
VisualStudioVersion = 17.0.32014.148
MinimumVisualStudioVersion = 10.0.40219.1
Project("{8BC9CEB8-8B4A-11D0-8D11-00A0C91BC942}") = "E1(1)", "Project2.vcxproj", "{81ACE3BA-2CBA-47A4-B4C3-6ED5A48DE046}"
EndProject
Project("{8BC9CEB8-8B4A-11D0-8D11-00A0C91BC942}") = "E1(2)", "..\E1(2)\E1(2).vcxproj", "{03FD7207-0084-494F-8853-16FFC018FD2D}"
EndProject
Project("{8BC9CEB8-8B4A-11D0-8D11-00A0C91BC942}") = "E1(3)", "..\E1(3)\E1(3).vcxproj", "{509AB722-29B8-4B87-97B3-61D564AEEB33}"
EndProject
Project("{8BC9CEB8-8B4A-11D0-8D11-00A0C91BC942}") = "E1(4)", "..\E1(4)\E1(4).vcxproj", "{8FEC0CF5-68CA-41FE-A4D4-759774165F7D}"
EndProject
Project("{8BC9CEB8-8B4A-11D0-8D11-00A0C91BC942}") = "E1(5)", "..\E1(5)\E1(5).vcxproj", "{9C12ED11-35FB-4061-8A40-C8ABDE74D3A8}"
EndProject
Project("{8BC9CEB8-8B4A-11D0-8D11-00A0C91BC942}") = "E2(1)", "..\E2(1)\E2(1).vcxproj", "{A9571D0E-C8FF-48B8-B50E-932303A03E23}"
EndProject
Project("{8BC9CEB8-8B4A-11D0-8D11-00A0C91BC942}") = "E2(2)", "..\E2(2)\E2(2).vcxproj", "{63CA2524-F930-4D6C-BB26-C32553AA65CD}"
EndProject
Project("{8BC9CEB8-8B4A-11D0-8D11-00A0C91BC942}") = "E2(3)", "..\E2(3)\E2(3).vcxproj", "{FE5635D8-3F86-4CF8-994A-0C033F56E212}"
EndProject
Project("{8BC9CEB8-8B4A-11D0-8D11-00A0C91BC942}") = "E2(4)", "..\E2(4)\E2(4).vcxproj", "{42735BCE-BBAE-4C1F-9337-D430BFEB5858}"
EndProject
Project("{8BC9CEB8-8B4A-11D0-8D11-00A0C91BC942}") = "E2(5)", "..\E2(5)\E2(5).vcxproj", "{520BDB47-2990-4CFB-8E40-A6D8A69A1D39}"
EndProject
Project("{8BC9CEB8-8B4A-11D0-8D11-00A0C91BC942}") = "E2(6)", "..\E2(6)\E2(6).vcxproj", "{B7ED5E6D-6C2D-4C76-AD8F-07757346D5C7}"
EndProject
Project("{8BC9CEB8-8B4A-11D0-8D11-00A0C91BC942}") = "E2(7)", "..\E2(7)\E2(7).vcxproj", "{BC3DA231-7DC5-40A0-9820-E2034515B5AA}"
EndProject
Global
	GlobalSection(SolutionConfigurationPlatforms) = preSolution
		Debug|x64 = Debug|x64
		Debug|x86 = Debug|x86
		Release|x64 = Release|x64
		Release|x86 = Release|x86
	EndGlobalSection
	GlobalSection(ProjectConfigurationPlatforms) = postSolution
		{81ACE3BA-2CBA-47A4-B4C3-6ED5A48DE046}.Debug|x64.ActiveCfg = Debug|x64
		{81ACE3BA-2CBA-47A4-B4C3-6ED5A48DE046}.Debug|x64.Build.0 = Debug|x64
		{81ACE3BA-2CBA-47A4-B4C3-6ED5A48DE046}.Debug|x86.ActiveCfg = Debug|Win32
		{81ACE3BA-2CBA-47A4-B4C3-6ED5A48DE046}.Debug|x86.Build.0 = Debug|Win32
		{81ACE3BA-2CBA-47A4-B4C3-6ED5A48DE046}.Release|x64.ActiveCfg = Release|x64
		{81ACE3BA-2CBA-47A4-B4C3-6ED5A48DE046}.Release|x64.Build.0 = Release|x64
		{81ACE3BA-2CBA-47A4-B4C3-6ED5A48DE046}.Release|x86.ActiveCfg = Release|Win32
		{81ACE3BA-2CBA-47A4-B4C3-6ED5A48DE046}.Release|x86.Build.0 = Release|Win32
		{03FD7207-0084-494F-8853-16FFC018FD2D}.Debug|x64.ActiveCfg = Debug|x64
		{03FD7207-0084-494F-8853-16FFC018FD2D}.Debug|x64.Build.0 = Debug|x64
		{03FD7207-0084-494F-8853-16FFC018FD2D}.Debug|x86.ActiveCfg = Debug|Win32
		{03FD7207-0084-494F-8853-16FFC018FD2D}.Debug|x86.Build.0 = Debug|Win32
		{03FD7207-0084-494F-8853-16FFC018FD2D}.Release|x64.ActiveCfg = Release|x64
		{03FD7207-0084-494F-8853-16FFC018FD2D}.Release|x64.Build.0 = Release|x64
		{03FD7207-0084-494F-8853-16FFC018FD2D}.Release|x86.ActiveCfg = Release|Win32
		{03FD7207-0084-494F-8853-16FFC018FD2D}.Release|x86.Build.0 = Release|Win32
		{509AB722-29B8-4B87-97B3-61D564AEEB33}.Debug|x64.ActiveCfg = Debug|x64
		{509AB722-29B8-4B87-97B3-61D564AEEB33}.Debug|x64.Build.0 = Debug|x64
		{509AB722-29B8-4B87-97B3-61D564AEEB33}.Debug|x86.ActiveCfg = Debug|Win32
		{509AB722-29B8-4B87-97B3-61D564AEEB33}.Debug|x86.Build.0 = Debug|Win32
		{509AB722-29B8-4B87-97B3-61D564AEEB33}.Release|x64.ActiveCfg = Release|x64
		{509AB722-29B8-4B87-97B3-61D564AEEB33}.Release|x64.Build.0 = Release|x64
		{509AB722-29B8-4B87-97B3-61D564AEEB33}.Release|x86.ActiveCfg = Release|Win32
		{509AB722-29B8-4B87-97B3-61D564AEEB33}.Release|x86.Build.0 = Release|Win32
		{8FEC0CF5-68CA-41FE-A4D4-759774165F7D}.Debug|x64.ActiveCfg = Debug|x64
		{8FEC0CF5-68CA-41FE-A4D4-759774165F7D}.Debug|x64.Build.0 = Debug|x64
		{8FEC0CF5-68CA-41FE-A4D4-759774165F7D}.Debug|x86.ActiveCfg = Debug|Win32
		{8FEC0CF5-68CA-41FE-A4D4-759774165F7D}.Debug|x86.Build.0 = Debug|Win32
		{8FEC0CF5-68CA-41FE-A4D4-759774165F7D}.Release|x64.ActiveCfg = Release|x64
		{8FEC0CF5-68CA-41FE-A4D4-759774165F7D}.Release|x64.Build.0 = Release|x64
		{8FEC0CF5-68CA-41FE-A4D4-759774165F7D}.Release|x86.ActiveCfg = Release|Win32
		{8FEC0CF5-68CA-41FE-A4D4-759774165F7D}.Release|x86.Build.0 = Release|Win32
		{9C12ED11-35FB-4061-8A40-C8ABDE74D3A8}.Debug|x64.ActiveCfg = Debug|x64
		{9C12ED11-35FB-4061-8A40-C8ABDE74D3A8}.Debug|x64.Build.0 = Debug|x64
		{9C12ED11-35FB-4061-8A40-C8ABDE74D3A8}.Debug|x86.ActiveCfg = Debug|Win32
		{9C12ED11-35FB-4061-8A40-C8ABDE74D3A8}.Debug|x86.Build.0 = Debug|Win32
		{9C12ED11-35FB-4061-8A40-C8ABDE74D3A8}.Release|x64.ActiveCfg = Release|x64
		{9C12ED11-35FB-4061-8A40-C8ABDE74D3A8}.Release|x64.Build.0 = Release|x64
		{9C12ED11-35FB-4061-8A40-C8ABDE74D3A8}.Release|x86.ActiveCfg = Release|Win32
		{9C12ED11-35FB-4061-8A40-C8ABDE74D3A8}.Release|x86.Build.0 = Release|Win32
		{A9571D0E-C8FF-48B8-B50E-932303A03E23}.Debug|x64.ActiveCfg = Debug|x64
		{A9571D0E-C8FF-48B8-B50E-932303A03E23}.Debug|x64.Build.0 = Debug|x64
		{A9571D0E-C8FF-48B8-B50E-932303A03E23}.Debug|x86.ActiveCfg = Debug|Win32
		{A9571D0E-C8FF-48B8-B50E-932303A03E23}.Debug|x86.Build.0 = Debug|Win32
		{A9571D0E-C8FF-48B8-B50E-932303A03E23}.Release|x64.ActiveCfg = Release|x64
		{A9571D0E-C8FF-48B8-B50E-932303A03E23}.Release|x64.Build.0 = Release|x64
		{A9571D0E-C8FF-48B8-B50E-932303A03E23}.Release|x86.ActiveCfg = Release|Win32
		{A9571D0E-C8FF-48B8-B50E-932303A03E23}.Release|x86.Build.0 = Release|Win32
		{63CA2524-F930-4D6C-BB26-C32553AA65CD}.Debug|x64.ActiveCfg = Debug|x64
		{63CA2524-F930-4D6C-BB26-C32553AA65CD}.Debug|x64.Build.0 = Debug|x64
		{63CA2524-F930-4D6C-BB26-C32553AA65CD}.Debug|x86.ActiveCfg = Debug|Win32
		{63CA2524-F930-4D6C-BB26-C32553AA65CD}.Debug|x86.Build.0 = Debug|Win32
		{63CA2524-F930-4D6C-BB26-C32553AA65CD}.Release|x64.ActiveCfg = Release|x64
		{63CA2524-F930-4D6C-BB26-C32553AA65CD}.Release|x64.Build.0 = Release|x64
		{63CA2524-F930-4D6C-BB26-C32553AA65CD}.Release|x86.ActiveCfg = Release|Win32
		{63CA2524-F930-4D6C-BB26-C32553AA65CD}.Release|x86.Build.0 = Release|Win32
		{FE5635D8-3F86-4CF8-994A-0C033F56E212}.Debug|x64.ActiveCfg = Debug|x64
		{FE5635D8-3F86-4CF8-994A-0C033F56E212}.Debug|x64.Build.0 = Debug|x64
		{FE5635D8-3F86-4CF8-994A-0C033F56E212}.Debug|x86.ActiveCfg = Debug|Win32
		{FE5635D8-3F86-4CF8-994A-0C033F56E212}.Debug|x86.Build.0 = Debug|Win32
		{FE5635D8-3F86-4CF8-994A-0C033F56E212}.Release|x64.ActiveCfg = Release|x64
		{FE5635D8-3F86-4CF8-994A-0C033F56E212}.Release|x64.Build.0 = Release|x64
		{FE5635D8-3F86-4CF8-994A-0C033F56E212}.Release|x86.ActiveCfg = Release|Win32
		{FE5635D8-3F86-4CF8-994A-0C033F56E212}.Release|x86.Build.0 = Release|Win32
		{42735BCE-BBAE-4C1F-9337-D430BFEB5858}.Debug|x64.ActiveCfg = Debug|x64
		{42735BCE-BBAE-4C1F-9337-D430BFEB5858}.Debug|x64.Build.0 = Debug|x64
		{42735BCE-BBAE-4C1F-9337-D430BFEB5858}.Debug|x86.ActiveCfg = Debug|Win32
		{42735BCE-BBAE-4C1F-9337-D430BFEB5858}.Debug|x86.Build.0 = Debug|Win32
		{42735BCE-BBAE-4C1F-9337-D430BFEB5858}.Release|x64.ActiveCfg = Release|x64
		{42735BCE-BBAE-4C1F-9337-D430BFEB5858}.Release|x64.Build.0 = Release|x64
		{42735BCE-BBAE-4C1F-9337-D430BFEB5858}.Release|x86.ActiveCfg = Release|Win32
		{42735BCE-BBAE-4C1F-9337-D430BFEB5858}.Release|x86.Build.0 = Release|Win32
		{520BDB47-2990-4CFB-8E40-A6D8A69A1D39}.Debug|x64.ActiveCfg = Debug|x64
		{520BDB47-2990-4CFB-8E40-A6D8A69A1D39}.Debug|x64.Build.0 = Debug|x64
		{520BDB47-2990-4CFB-8E40-A6D8A69A1D39}.Debug|x86.ActiveCfg = Debug|Win32
		{520BDB47-2990-4CFB-8E40-A6D8A69A1D39}.Debug|x86.Build.0 = Debug|Win32
		{520BDB47-2990-4CFB-8E40-A6D8A69A1D39}.Release|x64.ActiveCfg = Release|x64
		{520BDB47-2990-4CFB-8E40-A6D8A69A1D39}.Release|x64.Build.0 = Release|x64
		{520BDB47-2990-4CFB-8E40-A6D8A69A1D39}.Release|x86.ActiveCfg = Release|Win32
		{520BDB47-2990-4CFB-8E40-A6D8A69A1D39}.Release|x86.Build.0 = Release|Win32
		{B7ED5E6D-6C2D-4C76-AD8F-07757346D5C7}.Debug|x64.ActiveCfg = Debug|x64
		{B7ED5E6D-6C2D-4C76-AD8F-07757346D5C7}.Debug|x64.Build.0 = Debug|x64
		{B7ED5E6D-6C2D-4C76-AD8F-07757346D5C7}.Debug|x86.ActiveCfg = Debug|Win32
		{B7ED5E6D-6C2D-4C76-AD8F-07757346D5C7}.Debug|x86.Build.0 = Debug|Win32
		{B7ED5E6D-6C2D-4C76-AD8F-07757346D5C7}.Release|x64.ActiveCfg = Release|x64
		{B7ED5E6D-6C2D-4C76-AD8F-07757346D5C7}.Release|x64.Build.0 = Release|x64
		{B7ED5E6D-6C2D-4C76-AD8F-07757346D5C7}.Release|x86.ActiveCfg = Release|Win32
		{B7ED5E6D-6C2D-4C76-AD8F-07757346D5C7}.Release|x86.Build.0 = Release|Win32
		{BC3DA231-7DC5-40A0-9820-E2034515B5AA}.Debug|x64.ActiveCfg = Debug|x64
		{BC3DA231-7DC5-40A0-9820-E2034515B5AA}.Debug|x64.Build.0 = Debug|x64
		{BC3DA231-7DC5-40A0-9820-E2034515B5AA}.Debug|x86.ActiveCfg = Debug|Win32
		{BC3DA231-7DC5-40A0-9820-E2034515B5AA}.Debug|x86.Build.0 = Debug|Win32
		{BC3DA231-7DC5-40A0-9820-E2034515B5AA}.Release|x64.ActiveCfg = Release|x64
		{BC3DA231-7DC5-40A0-9820-E2034515B5AA}.Release|x64.Build.0 = Release|x64
		{BC3DA231-7DC5-40A0-9820-E2034515B5AA}.Release|x86.ActiveCfg = Release|Win32
		{BC3DA231-7DC5-40A0-9820-E2034515B5AA}.Release|x86.Build.0 = Release|Win32
	EndGlobalSection
	GlobalSection(SolutionProperties) = preSolution
		HideSolutionNode = FALSE
	EndGlobalSection
	GlobalSection(ExtensibilityGlobals) = postSolution
		SolutionGuid = {6EC1C890-CCBE-44B1-BFAE-C34D3FC29C2A}
	EndGlobalSection
EndGlobal
