
Microsoft Visual Studio Solution File, Format Version 12.00
# Visual Studio Version 17
VisualStudioVersion = 17.0.32014.148
MinimumVisualStudioVersion = 10.0.40219.1
Project("{8BC9CEB8-8B4A-11D0-8D11-00A0C91BC942}") = "E1(1)", "Project2.vcxproj", "{81ACE3BA-2CBA-47A4-B4C3-6ED5A48DE046}"
EndProject
Project("{8BC9CEB8-8B4A-11D0-8D11-00A0C91BC942}") = "E1(2)", "..\E1(2)\E1(2).vcxproj", "{03FD7207-0084-494F-8853-16FFC018FD2D}"
EndProject
Project("{8BC9CEB8-8B4A-11D0-8D11-00A0C91BC942}") = "E1(3)", "..\E1(3)\E1(3).vcxproj", "{509AB722-29B8-4B87-97B3-61D564AEEB33}"
EndProject
Project("{8BC9CEB8-8B4A-11D0-8D11-00A0C91BC942}") = "E1(4)", "..\E1(4)\E1(4).vcxproj", "{8FEC0CF5-68CA-41FE-A4D4-759774165F7D}"
EndProject
Project("{8BC9CEB8-8B4A-11D0-8D11-00A0C91BC942}") = "E1(5)", "..\E1(5)\E1(5).vcxproj", "{9C12ED11-35FB-4061-8A40-C8ABDE74D3A8}"
EndProject
Project("{8BC9CEB8-8B4A-11D0-8D11-00A0C91BC942}") = "E2(1)", "..\E2(1)\E2(1).vcxproj", "{A9571D0E-C8FF-48B8-B50E-932303A03E23}"
EndProject
Project("{8BC9CEB8-8B4A-11D0-8D11-00A0C91BC942}") = "E2(2)", "..\E2(2)\E2(2).vcxproj", "{63CA2524-F930-4D6C-BB26-C32553AA65CD}"
EndProject
Project("{8BC9CEB8-8B4A-11D0-8D11-00A0C91BC942}") = "E2(3)", "..\E2(3)\E2(3).vcxproj", "{FE5635D8-3F86-4CF8-994A-0C033F56E212}"
EndProject
Project("{8BC9CEB8-8B4A-11D0-8D11-00A0C91BC942}") = "E2(4)", "..\E2(4)\E2(4).vcxproj", "{42735BCE-BBAE-4C1F-9337-D430BFEB5858}"
EndProject
Project("{8BC9CEB8-8B4A-11D0-8D11-00A0C91BC942}") = "E2(5)", "..\E2(5)\E2(5).vcxproj", "{520BDB47-2990-4CFB-8E40-A6D8A69A1D39}"
EndProject
Project("{8BC9CEB8-8B4A-11D0-8D11-00A0C91BC942}") = "E2(6)", "..\E2(6)\E2(6).vcxproj", "{B7ED5E6D-6C2D-4C76-AD8F-07757346D5C7}"
EndProject
Project("{8BC9CEB8-8B4A-11D0-8D11-00A0C91BC942}") = "E2(7)", "..\E2(7)\E2(7).vcxproj", "{BC3DA231-7DC5-40A0-9820-E2034515B5AA}"
EndProject
Project("{8BC9CEB8-8B4A-11D0-8D11-00A0C91BC942}") = "E3(1)", "..\E3(1)\E3(1).vcxproj", "{2B3B4E6B-F1FF-41CC-819A-4C9BD8E62BB6}"
EndProject
Project("{8BC9CEB8-8B4A-11D0-8D11-00A0C91BC942}") = "E3(2)", "..\E3(2)\E3(2).vcxproj", "{2E0214D4-735E-4F04-B033-A020BCFF06E4}"
EndProject
Project("{8BC9CEB8-8B4A-11D0-8D11-00A0C91BC942}") = "E3(3)", "..\E3(3)\E3(3).vcxproj", "{21E3682D-CD02-436B-ADDB-C74EA3BAE06C}"
EndProject
Project("{8BC9CEB8-8B4A-11D0-8D11-00A0C91BC942}") = "E3(4)", "..\E3(4)\E3(4).vcxproj", "{44C305E7-9683-4EFE-A314-15D771A6D7D7}"
EndProject
Project("{8BC9CEB8-8B4A-11D0-8D11-00A0C91BC942}") = "E3(5)", "..\E3(5)\E3(5).vcxproj", "{8387C1C6-E491-4494-9FC7-DB945A2C233F}"
EndProject
Project("{8BC9CEB8-8B4A-11D0-8D11-00A0C91BC942}") = "E3(6)", "..\E3(6)\E3(6).vcxproj", "{344770F0-B53E-495B-B770-17756F1102E8}"
EndProject
Project("{8BC9CEB8-8B4A-11D0-8D11-00A0C91BC942}") = "E3(7)", "..\E3(7)\E3(7).vcxproj", "{5A639921-4832-4DFC-91A1-E91E281649F4}"
EndProject
Project("{8BC9CEB8-8B4A-11D0-8D11-00A0C91BC942}") = "E4(1)", "..\E4(1)\E4(1).vcxproj", "{BFD535E1-F140-4B3E-8CE7-9C8BA913C5AC}"
EndProject
Project("{8BC9CEB8-8B4A-11D0-8D11-00A0C91BC942}") = "E4(2)", "..\E4(2)\E4(2).vcxproj", "{190A557A-D9BF-426A-B652-B8ED1C14D5B4}"
EndProject
Project("{8BC9CEB8-8B4A-11D0-8D11-00A0C91BC942}") = "E4(3)", "..\E4(3)\E4(3).vcxproj", "{3FB13A2D-DA88-4A63-862F-2D4E86BDFAF3}"
EndProject
Project("{8BC9CEB8-8B4A-11D0-8D11-00A0C91BC942}") = "E4(4)", "..\E4(4)\E4(4).vcxproj", "{640E5CE6-F02E-4DE3-AA78-82C6307FF499}"
EndProject
Project("{8BC9CEB8-8B4A-11D0-8D11-00A0C91BC942}") = "E4(5)", "..\E4(5)\E4(5).vcxproj", "{AA430F85-13A1-4A4F-9E78-8F08B0AA5C18}"
EndProject
Project("{8BC9CEB8-8B4A-11D0-8D11-00A0C91BC942}") = "E4(6)", "..\E4(6)\E4(6).vcxproj", "{31059FAF-316F-4E76-B4DD-EAC12DE5EFE8}"
EndProject
Project("{8BC9CEB8-8B4A-11D0-8D11-00A0C91BC942}") = "E5(2)", "..\E5(2)\E5(2).vcxproj", "{CE0BBADA-3982-45C1-93DD-924EF974B536}"
EndProject
Project("{8BC9CEB8-8B4A-11D0-8D11-00A0C91BC942}") = "E5(3)", "..\E5(3)\E5(3).vcxproj", "{D620D118-8881-4B3D-8A74-D595FDA528FF}"
EndProject
Project("{8BC9CEB8-8B4A-11D0-8D11-00A0C91BC942}") = "E5(4)", "..\E5(4)\E5(4).vcxproj", "{29E166D3-F459-4E75-A84A-4E6EE7DF9B77}"
EndProject
Project("{8BC9CEB8-8B4A-11D0-8D11-00A0C91BC942}") = "E5(5)", "..\E5(5)\E5(5).vcxproj", "{FE54905D-374F-445E-89FF-8C75C0127568}"
EndProject
Project("{8BC9CEB8-8B4A-11D0-8D11-00A0C91BC942}") = "E5(1)", "..\E5(6)\E5(6).vcxproj", "{35FBAF01-E9B0-40B6-A99D-D7F2ACD5DFB6}"
EndProject
Project("{8BC9CEB8-8B4A-11D0-8D11-00A0C91BC942}") = "E6(1)", "..\E6(1)\E6(1).vcxproj", "{F63030C2-FD30-475F-87E0-A0CCCF6F834B}"
EndProject
Project("{8BC9CEB8-8B4A-11D0-8D11-00A0C91BC942}") = "E6(2)", "..\E6(2)\E6(2).vcxproj", "{ACC5315E-BEBD-4B22-8E67-EA0D448B49D6}"
EndProject
Project("{8BC9CEB8-8B4A-11D0-8D11-00A0C91BC942}") = "E6(3)", "..\E6(3)\E6(3).vcxproj", "{AEC3EB34-FA2E-42D2-89AA-77A4EBB05747}"
EndProject
Project("{8BC9CEB8-8B4A-11D0-8D11-00A0C91BC942}") = "E6(4)", "..\E6(4)\E6(4).vcxproj", "{B808A824-53CF-4091-B18C-D634BA78D97C}"
EndProject
Project("{8BC9CEB8-8B4A-11D0-8D11-00A0C91BC942}") = "E6(5)", "..\E6(5)\E6(5).vcxproj", "{80DE0DDE-E4FB-4125-9060-7DAB1C59D58E}"
EndProject
Global
	GlobalSection(SolutionConfigurationPlatforms) = preSolution
		Debug|x64 = Debug|x64
		Debug|x86 = Debug|x86
		Release|x64 = Release|x64
		Release|x86 = Release|x86
	EndGlobalSection
	GlobalSection(ProjectConfigurationPlatforms) = postSolution
		{81ACE3BA-2CBA-47A4-B4C3-6ED5A48DE046}.Debug|x64.ActiveCfg = Debug|x64
		{81ACE3BA-2CBA-47A4-B4C3-6ED5A48DE046}.Debug|x64.Build.0 = Debug|x64
		{81ACE3BA-2CBA-47A4-B4C3-6ED5A48DE046}.Debug|x86.ActiveCfg = Debug|Win32
		{81ACE3BA-2CBA-47A4-B4C3-6ED5A48DE046}.Debug|x86.Build.0 = Debug|Win32
		{81ACE3BA-2CBA-47A4-B4C3-6ED5A48DE046}.Release|x64.ActiveCfg = Release|x64
		{81ACE3BA-2CBA-47A4-B4C3-6ED5A48DE046}.Release|x64.Build.0 = Release|x64
		{81ACE3BA-2CBA-47A4-B4C3-6ED5A48DE046}.Release|x86.ActiveCfg = Release|Win32
		{81ACE3BA-2CBA-47A4-B4C3-6ED5A48DE046}.Release|x86.Build.0 = Release|Win32
		{03FD7207-0084-494F-8853-16FFC018FD2D}.Debug|x64.ActiveCfg = Debug|x64
		{03FD7207-0084-494F-8853-16FFC018FD2D}.Debug|x64.Build.0 = Debug|x64
		{03FD7207-0084-494F-8853-16FFC018FD2D}.Debug|x86.ActiveCfg = Debug|Win32
		{03FD7207-0084-494F-8853-16FFC018FD2D}.Debug|x86.Build.0 = Debug|Win32
		{03FD7207-0084-494F-8853-16FFC018FD2D}.Release|x64.ActiveCfg = Release|x64
		{03FD7207-0084-494F-8853-16FFC018FD2D}.Release|x64.Build.0 = Release|x64
		{03FD7207-0084-494F-8853-16FFC018FD2D}.Release|x86.ActiveCfg = Release|Win32
		{03FD7207-0084-494F-8853-16FFC018FD2D}.Release|x86.Build.0 = Release|Win32
		{509AB722-29B8-4B87-97B3-61D564AEEB33}.Debug|x64.ActiveCfg = Debug|x64
		{509AB722-29B8-4B87-97B3-61D564AEEB33}.Debug|x64.Build.0 = Debug|x64
		{509AB722-29B8-4B87-97B3-61D564AEEB33}.Debug|x86.ActiveCfg = Debug|Win32
		{509AB722-29B8-4B87-97B3-61D564AEEB33}.Debug|x86.Build.0 = Debug|Win32
		{509AB722-29B8-4B87-97B3-61D564AEEB33}.Release|x64.ActiveCfg = Release|x64
		{509AB722-29B8-4B87-97B3-61D564AEEB33}.Release|x64.Build.0 = Release|x64
		{509AB722-29B8-4B87-97B3-61D564AEEB33}.Release|x86.ActiveCfg = Release|Win32
		{509AB722-29B8-4B87-97B3-61D564AEEB33}.Release|x86.Build.0 = Release|Win32
		{8FEC0CF5-68CA-41FE-A4D4-759774165F7D}.Debug|x64.ActiveCfg = Debug|x64
		{8FEC0CF5-68CA-41FE-A4D4-759774165F7D}.Debug|x64.Build.0 = Debug|x64
		{8FEC0CF5-68CA-41FE-A4D4-759774165F7D}.Debug|x86.ActiveCfg = Debug|Win32
		{8FEC0CF5-68CA-41FE-A4D4-759774165F7D}.Debug|x86.Build.0 = Debug|Win32
		{8FEC0CF5-68CA-41FE-A4D4-759774165F7D}.Release|x64.ActiveCfg = Release|x64
		{8FEC0CF5-68CA-41FE-A4D4-759774165F7D}.Release|x64.Build.0 = Release|x64
		{8FEC0CF5-68CA-41FE-A4D4-759774165F7D}.Release|x86.ActiveCfg = Release|Win32
		{8FEC0CF5-68CA-41FE-A4D4-759774165F7D}.Release|x86.Build.0 = Release|Win32
		{9C12ED11-35FB-4061-8A40-C8ABDE74D3A8}.Debug|x64.ActiveCfg = Debug|x64
		{9C12ED11-35FB-4061-8A40-C8ABDE74D3A8}.Debug|x64.Build.0 = Debug|x64
		{9C12ED11-35FB-4061-8A40-C8ABDE74D3A8}.Debug|x86.ActiveCfg = Debug|Win32
		{9C12ED11-35FB-4061-8A40-C8ABDE74D3A8}.Debug|x86.Build.0 = Debug|Win32
		{9C12ED11-35FB-4061-8A40-C8ABDE74D3A8}.Release|x64.ActiveCfg = Release|x64
		{9C12ED11-35FB-4061-8A40-C8ABDE74D3A8}.Release|x64.Build.0 = Release|x64
		{9C12ED11-35FB-4061-8A40-C8ABDE74D3A8}.Release|x86.ActiveCfg = Release|Win32
		{9C12ED11-35FB-4061-8A40-C8ABDE74D3A8}.Release|x86.Build.0 = Release|Win32
		{A9571D0E-C8FF-48B8-B50E-932303A03E23}.Debug|x64.ActiveCfg = Debug|x64
		{A9571D0E-C8FF-48B8-B50E-932303A03E23}.Debug|x64.Build.0 = Debug|x64
		{A9571D0E-C8FF-48B8-B50E-932303A03E23}.Debug|x86.ActiveCfg = Debug|Win32
		{A9571D0E-C8FF-48B8-B50E-932303A03E23}.Debug|x86.Build.0 = Debug|Win32
		{A9571D0E-C8FF-48B8-B50E-932303A03E23}.Release|x64.ActiveCfg = Release|x64
		{A9571D0E-C8FF-48B8-B50E-932303A03E23}.Release|x64.Build.0 = Release|x64
		{A9571D0E-C8FF-48B8-B50E-932303A03E23}.Release|x86.ActiveCfg = Release|Win32
		{A9571D0E-C8FF-48B8-B50E-932303A03E23}.Release|x86.Build.0 = Release|Win32
		{63CA2524-F930-4D6C-BB26-C32553AA65CD}.Debug|x64.ActiveCfg = Debug|x64
		{63CA2524-F930-4D6C-BB26-C32553AA65CD}.Debug|x64.Build.0 = Debug|x64
		{63CA2524-F930-4D6C-BB26-C32553AA65CD}.Debug|x86.ActiveCfg = Debug|Win32
		{63CA2524-F930-4D6C-BB26-C32553AA65CD}.Debug|x86.Build.0 = Debug|Win32
		{63CA2524-F930-4D6C-BB26-C32553AA65CD}.Release|x64.ActiveCfg = Release|x64
		{63CA2524-F930-4D6C-BB26-C32553AA65CD}.Release|x64.Build.0 = Release|x64
		{63CA2524-F930-4D6C-BB26-C32553AA65CD}.Release|x86.ActiveCfg = Release|Win32
		{63CA2524-F930-4D6C-BB26-C32553AA65CD}.Release|x86.Build.0 = Release|Win32
		{FE5635D8-3F86-4CF8-994A-0C033F56E212}.Debug|x64.ActiveCfg = Debug|x64
		{FE5635D8-3F86-4CF8-994A-0C033F56E212}.Debug|x64.Build.0 = Debug|x64
		{FE5635D8-3F86-4CF8-994A-0C033F56E212}.Debug|x86.ActiveCfg = Debug|Win32
		{FE5635D8-3F86-4CF8-994A-0C033F56E212}.Debug|x86.Build.0 = Debug|Win32
		{FE5635D8-3F86-4CF8-994A-0C033F56E212}.Release|x64.ActiveCfg = Release|x64
		{FE5635D8-3F86-4CF8-994A-0C033F56E212}.Release|x64.Build.0 = Release|x64
		{FE5635D8-3F86-4CF8-994A-0C033F56E212}.Release|x86.ActiveCfg = Release|Win32
		{FE5635D8-3F86-4CF8-994A-0C033F56E212}.Release|x86.Build.0 = Release|Win32
		{42735BCE-BBAE-4C1F-9337-D430BFEB5858}.Debug|x64.ActiveCfg = Debug|x64
		{42735BCE-BBAE-4C1F-9337-D430BFEB5858}.Debug|x64.Build.0 = Debug|x64
		{42735BCE-BBAE-4C1F-9337-D430BFEB5858}.Debug|x86.ActiveCfg = Debug|Win32
		{42735BCE-BBAE-4C1F-9337-D430BFEB5858}.Debug|x86.Build.0 = Debug|Win32
		{42735BCE-BBAE-4C1F-9337-D430BFEB5858}.Release|x64.ActiveCfg = Release|x64
		{42735BCE-BBAE-4C1F-9337-D430BFEB5858}.Release|x64.Build.0 = Release|x64
		{42735BCE-BBAE-4C1F-9337-D430BFEB5858}.Release|x86.ActiveCfg = Release|Win32
		{42735BCE-BBAE-4C1F-9337-D430BFEB5858}.Release|x86.Build.0 = Release|Win32
		{520BDB47-2990-4CFB-8E40-A6D8A69A1D39}.Debug|x64.ActiveCfg = Debug|x64
		{520BDB47-2990-4CFB-8E40-A6D8A69A1D39}.Debug|x64.Build.0 = Debug|x64
		{520BDB47-2990-4CFB-8E40-A6D8A69A1D39}.Debug|x86.ActiveCfg = Debug|Win32
		{520BDB47-2990-4CFB-8E40-A6D8A69A1D39}.Debug|x86.Build.0 = Debug|Win32
		{520BDB47-2990-4CFB-8E40-A6D8A69A1D39}.Release|x64.ActiveCfg = Release|x64
		{520BDB47-2990-4CFB-8E40-A6D8A69A1D39}.Release|x64.Build.0 = Release|x64
		{520BDB47-2990-4CFB-8E40-A6D8A69A1D39}.Release|x86.ActiveCfg = Release|Win32
		{520BDB47-2990-4CFB-8E40-A6D8A69A1D39}.Release|x86.Build.0 = Release|Win32
		{B7ED5E6D-6C2D-4C76-AD8F-07757346D5C7}.Debug|x64.ActiveCfg = Debug|x64
		{B7ED5E6D-6C2D-4C76-AD8F-07757346D5C7}.Debug|x64.Build.0 = Debug|x64
		{B7ED5E6D-6C2D-4C76-AD8F-07757346D5C7}.Debug|x86.ActiveCfg = Debug|Win32
		{B7ED5E6D-6C2D-4C76-AD8F-07757346D5C7}.Debug|x86.Build.0 = Debug|Win32
		{B7ED5E6D-6C2D-4C76-AD8F-07757346D5C7}.Release|x64.ActiveCfg = Release|x64
		{B7ED5E6D-6C2D-4C76-AD8F-07757346D5C7}.Release|x64.Build.0 = Release|x64
		{B7ED5E6D-6C2D-4C76-AD8F-07757346D5C7}.Release|x86.ActiveCfg = Release|Win32
		{B7ED5E6D-6C2D-4C76-AD8F-07757346D5C7}.Release|x86.Build.0 = Release|Win32
		{BC3DA231-7DC5-40A0-9820-E2034515B5AA}.Debug|x64.ActiveCfg = Debug|x64
		{BC3DA231-7DC5-40A0-9820-E2034515B5AA}.Debug|x64.Build.0 = Debug|x64
		{BC3DA231-7DC5-40A0-9820-E2034515B5AA}.Debug|x86.ActiveCfg = Debug|Win32
		{BC3DA231-7DC5-40A0-9820-E2034515B5AA}.Debug|x86.Build.0 = Debug|Win32
		{BC3DA231-7DC5-40A0-9820-E2034515B5AA}.Release|x64.ActiveCfg = Release|x64
		{BC3DA231-7DC5-40A0-9820-E2034515B5AA}.Release|x64.Build.0 = Release|x64
		{BC3DA231-7DC5-40A0-9820-E2034515B5AA}.Release|x86.ActiveCfg = Release|Win32
		{BC3DA231-7DC5-40A0-9820-E2034515B5AA}.Release|x86.Build.0 = Release|Win32
		{2B3B4E6B-F1FF-41CC-819A-4C9BD8E62BB6}.Debug|x64.ActiveCfg = Debug|x64
		{2B3B4E6B-F1FF-41CC-819A-4C9BD8E62BB6}.Debug|x64.Build.0 = Debug|x64
		{2B3B4E6B-F1FF-41CC-819A-4C9BD8E62BB6}.Debug|x86.ActiveCfg = Debug|Win32
		{2B3B4E6B-F1FF-41CC-819A-4C9BD8E62BB6}.Debug|x86.Build.0 = Debug|Win32
		{2B3B4E6B-F1FF-41CC-819A-4C9BD8E62BB6}.Release|x64.ActiveCfg = Release|x64
		{2B3B4E6B-F1FF-41CC-819A-4C9BD8E62BB6}.Release|x64.Build.0 = Release|x64
		{2B3B4E6B-F1FF-41CC-819A-4C9BD8E62BB6}.Release|x86.ActiveCfg = Release|Win32
		{2B3B4E6B-F1FF-41CC-819A-4C9BD8E62BB6}.Release|x86.Build.0 = Release|Win32
		{2E0214D4-735E-4F04-B033-A020BCFF06E4}.Debug|x64.ActiveCfg = Debug|x64
		{2E0214D4-735E-4F04-B033-A020BCFF06E4}.Debug|x64.Build.0 = Debug|x64
		{2E0214D4-735E-4F04-B033-A020BCFF06E4}.Debug|x86.ActiveCfg = Debug|Win32
		{2E0214D4-735E-4F04-B033-A020BCFF06E4}.Debug|x86.Build.0 = Debug|Win32
		{2E0214D4-735E-4F04-B033-A020BCFF06E4}.Release|x64.ActiveCfg = Release|x64
		{2E0214D4-735E-4F04-B033-A020BCFF06E4}.Release|x64.Build.0 = Release|x64
		{2E0214D4-735E-4F04-B033-A020BCFF06E4}.Release|x86.ActiveCfg = Release|Win32
		{2E0214D4-735E-4F04-B033-A020BCFF06E4}.Release|x86.Build.0 = Release|Win32
		{21E3682D-CD02-436B-ADDB-C74EA3BAE06C}.Debug|x64.ActiveCfg = Debug|x64
		{21E3682D-CD02-436B-ADDB-C74EA3BAE06C}.Debug|x64.Build.0 = Debug|x64
		{21E3682D-CD02-436B-ADDB-C74EA3BAE06C}.Debug|x86.ActiveCfg = Debug|Win32
		{21E3682D-CD02-436B-ADDB-C74EA3BAE06C}.Debug|x86.Build.0 = Debug|Win32
		{21E3682D-CD02-436B-ADDB-C74EA3BAE06C}.Release|x64.ActiveCfg = Release|x64
		{21E3682D-CD02-436B-ADDB-C74EA3BAE06C}.Release|x64.Build.0 = Release|x64
		{21E3682D-CD02-436B-ADDB-C74EA3BAE06C}.Release|x86.ActiveCfg = Release|Win32
		{21E3682D-CD02-436B-ADDB-C74EA3BAE06C}.Release|x86.Build.0 = Release|Win32
		{44C305E7-9683-4EFE-A314-15D771A6D7D7}.Debug|x64.ActiveCfg = Debug|x64
		{44C305E7-9683-4EFE-A314-15D771A6D7D7}.Debug|x64.Build.0 = Debug|x64
		{44C305E7-9683-4EFE-A314-15D771A6D7D7}.Debug|x86.ActiveCfg = Debug|Win32
		{44C305E7-9683-4EFE-A314-15D771A6D7D7}.Debug|x86.Build.0 = Debug|Win32
		{44C305E7-9683-4EFE-A314-15D771A6D7D7}.Release|x64.ActiveCfg = Release|x64
		{44C305E7-9683-4EFE-A314-15D771A6D7D7}.Release|x64.Build.0 = Release|x64
		{44C305E7-9683-4EFE-A314-15D771A6D7D7}.Release|x86.ActiveCfg = Release|Win32
		{44C305E7-9683-4EFE-A314-15D771A6D7D7}.Release|x86.Build.0 = Release|Win32
		{8387C1C6-E491-4494-9FC7-DB945A2C233F}.Debug|x64.ActiveCfg = Debug|x64
		{8387C1C6-E491-4494-9FC7-DB945A2C233F}.Debug|x64.Build.0 = Debug|x64
		{8387C1C6-E491-4494-9FC7-DB945A2C233F}.Debug|x86.ActiveCfg = Debug|Win32
		{8387C1C6-E491-4494-9FC7-DB945A2C233F}.Debug|x86.Build.0 = Debug|Win32
		{8387C1C6-E491-4494-9FC7-DB945A2C233F}.Release|x64.ActiveCfg = Release|x64
		{8387C1C6-E491-4494-9FC7-DB945A2C233F}.Release|x64.Build.0 = Release|x64
		{8387C1C6-E491-4494-9FC7-DB945A2C233F}.Release|x86.ActiveCfg = Release|Win32
		{8387C1C6-E491-4494-9FC7-DB945A2C233F}.Release|x86.Build.0 = Release|Win32
		{344770F0-B53E-495B-B770-17756F1102E8}.Debug|x64.ActiveCfg = Debug|x64
		{344770F0-B53E-495B-B770-17756F1102E8}.Debug|x64.Build.0 = Debug|x64
		{344770F0-B53E-495B-B770-17756F1102E8}.Debug|x86.ActiveCfg = Debug|Win32
		{344770F0-B53E-495B-B770-17756F1102E8}.Debug|x86.Build.0 = Debug|Win32
		{344770F0-B53E-495B-B770-17756F1102E8}.Release|x64.ActiveCfg = Release|x64
		{344770F0-B53E-495B-B770-17756F1102E8}.Release|x64.Build.0 = Release|x64
		{344770F0-B53E-495B-B770-17756F1102E8}.Release|x86.ActiveCfg = Release|Win32
		{344770F0-B53E-495B-B770-17756F1102E8}.Release|x86.Build.0 = Release|Win32
		{5A639921-4832-4DFC-91A1-E91E281649F4}.Debug|x64.ActiveCfg = Debug|x64
		{5A639921-4832-4DFC-91A1-E91E281649F4}.Debug|x64.Build.0 = Debug|x64
		{5A639921-4832-4DFC-91A1-E91E281649F4}.Debug|x86.ActiveCfg = Debug|Win32
		{5A639921-4832-4DFC-91A1-E91E281649F4}.Debug|x86.Build.0 = Debug|Win32
		{5A639921-4832-4DFC-91A1-E91E281649F4}.Release|x64.ActiveCfg = Release|x64
		{5A639921-4832-4DFC-91A1-E91E281649F4}.Release|x64.Build.0 = Release|x64
		{5A639921-4832-4DFC-91A1-E91E281649F4}.Release|x86.ActiveCfg = Release|Win32
		{5A639921-4832-4DFC-91A1-E91E281649F4}.Release|x86.Build.0 = Release|Win32
		{BFD535E1-F140-4B3E-8CE7-9C8BA913C5AC}.Debug|x64.ActiveCfg = Debug|x64
		{BFD535E1-F140-4B3E-8CE7-9C8BA913C5AC}.Debug|x64.Build.0 = Debug|x64
		{BFD535E1-F140-4B3E-8CE7-9C8BA913C5AC}.Debug|x86.ActiveCfg = Debug|Win32
		{BFD535E1-F140-4B3E-8CE7-9C8BA913C5AC}.Debug|x86.Build.0 = Debug|Win32
		{BFD535E1-F140-4B3E-8CE7-9C8BA913C5AC}.Release|x64.ActiveCfg = Release|x64
		{BFD535E1-F140-4B3E-8CE7-9C8BA913C5AC}.Release|x64.Build.0 = Release|x64
		{BFD535E1-F140-4B3E-8CE7-9C8BA913C5AC}.Release|x86.ActiveCfg = Release|Win32
		{BFD535E1-F140-4B3E-8CE7-9C8BA913C5AC}.Release|x86.Build.0 = Release|Win32
		{190A557A-D9BF-426A-B652-B8ED1C14D5B4}.Debug|x64.ActiveCfg = Debug|x64
		{190A557A-D9BF-426A-B652-B8ED1C14D5B4}.Debug|x64.Build.0 = Debug|x64
		{190A557A-D9BF-426A-B652-B8ED1C14D5B4}.Debug|x86.ActiveCfg = Debug|Win32
		{190A557A-D9BF-426A-B652-B8ED1C14D5B4}.Debug|x86.Build.0 = Debug|Win32
		{190A557A-D9BF-426A-B652-B8ED1C14D5B4}.Release|x64.ActiveCfg = Release|x64
		{190A557A-D9BF-426A-B652-B8ED1C14D5B4}.Release|x64.Build.0 = Release|x64
		{190A557A-D9BF-426A-B652-B8ED1C14D5B4}.Release|x86.ActiveCfg = Release|Win32
		{190A557A-D9BF-426A-B652-B8ED1C14D5B4}.Release|x86.Build.0 = Release|Win32
		{3FB13A2D-DA88-4A63-862F-2D4E86BDFAF3}.Debug|x64.ActiveCfg = Debug|x64
		{3FB13A2D-DA88-4A63-862F-2D4E86BDFAF3}.Debug|x64.Build.0 = Debug|x64
		{3FB13A2D-DA88-4A63-862F-2D4E86BDFAF3}.Debug|x86.ActiveCfg = Debug|Win32
		{3FB13A2D-DA88-4A63-862F-2D4E86BDFAF3}.Debug|x86.Build.0 = Debug|Win32
		{3FB13A2D-DA88-4A63-862F-2D4E86BDFAF3}.Release|x64.ActiveCfg = Release|x64
		{3FB13A2D-DA88-4A63-862F-2D4E86BDFAF3}.Release|x64.Build.0 = Release|x64
		{3FB13A2D-DA88-4A63-862F-2D4E86BDFAF3}.Release|x86.ActiveCfg = Release|Win32
		{3FB13A2D-DA88-4A63-862F-2D4E86BDFAF3}.Release|x86.Build.0 = Release|Win32
		{640E5CE6-F02E-4DE3-AA78-82C6307FF499}.Debug|x64.ActiveCfg = Debug|x64
		{640E5CE6-F02E-4DE3-AA78-82C6307FF499}.Debug|x64.Build.0 = Debug|x64
		{640E5CE6-F02E-4DE3-AA78-82C6307FF499}.Debug|x86.ActiveCfg = Debug|Win32
		{640E5CE6-F02E-4DE3-AA78-82C6307FF499}.Debug|x86.Build.0 = Debug|Win32
		{640E5CE6-F02E-4DE3-AA78-82C6307FF499}.Release|x64.ActiveCfg = Release|x64
		{640E5CE6-F02E-4DE3-AA78-82C6307FF499}.Release|x64.Build.0 = Release|x64
		{640E5CE6-F02E-4DE3-AA78-82C6307FF499}.Release|x86.ActiveCfg = Release|Win32
		{640E5CE6-F02E-4DE3-AA78-82C6307FF499}.Release|x86.Build.0 = Release|Win32
		{AA430F85-13A1-4A4F-9E78-8F08B0AA5C18}.Debug|x64.ActiveCfg = Debug|x64
		{AA430F85-13A1-4A4F-9E78-8F08B0AA5C18}.Debug|x64.Build.0 = Debug|x64
		{AA430F85-13A1-4A4F-9E78-8F08B0AA5C18}.Debug|x86.ActiveCfg = Debug|Win32
		{AA430F85-13A1-4A4F-9E78-8F08B0AA5C18}.Debug|x86.Build.0 = Debug|Win32
		{AA430F85-13A1-4A4F-9E78-8F08B0AA5C18}.Release|x64.ActiveCfg = Release|x64
		{AA430F85-13A1-4A4F-9E78-8F08B0AA5C18}.Release|x64.Build.0 = Release|x64
		{AA430F85-13A1-4A4F-9E78-8F08B0AA5C18}.Release|x86.ActiveCfg = Release|Win32
		{AA430F85-13A1-4A4F-9E78-8F08B0AA5C18}.Release|x86.Build.0 = Release|Win32
		{31059FAF-316F-4E76-B4DD-EAC12DE5EFE8}.Debug|x64.ActiveCfg = Debug|x64
		{31059FAF-316F-4E76-B4DD-EAC12DE5EFE8}.Debug|x64.Build.0 = Debug|x64
		{31059FAF-316F-4E76-B4DD-EAC12DE5EFE8}.Debug|x86.ActiveCfg = Debug|Win32
		{31059FAF-316F-4E76-B4DD-EAC12DE5EFE8}.Debug|x86.Build.0 = Debug|Win32
		{31059FAF-316F-4E76-B4DD-EAC12DE5EFE8}.Release|x64.ActiveCfg = Release|x64
		{31059FAF-316F-4E76-B4DD-EAC12DE5EFE8}.Release|x64.Build.0 = Release|x64
		{31059FAF-316F-4E76-B4DD-EAC12DE5EFE8}.Release|x86.ActiveCfg = Release|Win32
		{31059FAF-316F-4E76-B4DD-EAC12DE5EFE8}.Release|x86.Build.0 = Release|Win32
		{CE0BBADA-3982-45C1-93DD-924EF974B536}.Debug|x64.ActiveCfg = Debug|x64
		{CE0BBADA-3982-45C1-93DD-924EF974B536}.Debug|x64.Build.0 = Debug|x64
		{CE0BBADA-3982-45C1-93DD-924EF974B536}.Debug|x86.ActiveCfg = Debug|Win32
		{CE0BBADA-3982-45C1-93DD-924EF974B536}.Debug|x86.Build.0 = Debug|Win32
		{CE0BBADA-3982-45C1-93DD-924EF974B536}.Release|x64.ActiveCfg = Release|x64
		{CE0BBADA-3982-45C1-93DD-924EF974B536}.Release|x64.Build.0 = Release|x64
		{CE0BBADA-3982-45C1-93DD-924EF974B536}.Release|x86.ActiveCfg = Release|Win32
		{CE0BBADA-3982-45C1-93DD-924EF974B536}.Release|x86.Build.0 = Release|Win32
		{D620D118-8881-4B3D-8A74-D595FDA528FF}.Debug|x64.ActiveCfg = Debug|x64
		{D620D118-8881-4B3D-8A74-D595FDA528FF}.Debug|x64.Build.0 = Debug|x64
		{D620D118-8881-4B3D-8A74-D595FDA528FF}.Debug|x86.ActiveCfg = Debug|Win32
		{D620D118-8881-4B3D-8A74-D595FDA528FF}.Debug|x86.Build.0 = Debug|Win32
		{D620D118-8881-4B3D-8A74-D595FDA528FF}.Release|x64.ActiveCfg = Release|x64
		{D620D118-8881-4B3D-8A74-D595FDA528FF}.Release|x64.Build.0 = Release|x64
		{D620D118-8881-4B3D-8A74-D595FDA528FF}.Release|x86.ActiveCfg = Release|Win32
		{D620D118-8881-4B3D-8A74-D595FDA528FF}.Release|x86.Build.0 = Release|Win32
		{29E166D3-F459-4E75-A84A-4E6EE7DF9B77}.Debug|x64.ActiveCfg = Debug|x64
		{29E166D3-F459-4E75-A84A-4E6EE7DF9B77}.Debug|x64.Build.0 = Debug|x64
		{29E166D3-F459-4E75-A84A-4E6EE7DF9B77}.Debug|x86.ActiveCfg = Debug|Win32
		{29E166D3-F459-4E75-A84A-4E6EE7DF9B77}.Debug|x86.Build.0 = Debug|Win32
		{29E166D3-F459-4E75-A84A-4E6EE7DF9B77}.Release|x64.ActiveCfg = Release|x64
		{29E166D3-F459-4E75-A84A-4E6EE7DF9B77}.Release|x64.Build.0 = Release|x64
		{29E166D3-F459-4E75-A84A-4E6EE7DF9B77}.Release|x86.ActiveCfg = Release|Win32
		{29E166D3-F459-4E75-A84A-4E6EE7DF9B77}.Release|x86.Build.0 = Release|Win32
		{FE54905D-374F-445E-89FF-8C75C0127568}.Debug|x64.ActiveCfg = Debug|x64
		{FE54905D-374F-445E-89FF-8C75C0127568}.Debug|x64.Build.0 = Debug|x64
		{FE54905D-374F-445E-89FF-8C75C0127568}.Debug|x86.ActiveCfg = Debug|Win32
		{FE54905D-374F-445E-89FF-8C75C0127568}.Debug|x86.Build.0 = Debug|Win32
		{FE54905D-374F-445E-89FF-8C75C0127568}.Release|x64.ActiveCfg = Release|x64
		{FE54905D-374F-445E-89FF-8C75C0127568}.Release|x64.Build.0 = Release|x64
		{FE54905D-374F-445E-89FF-8C75C0127568}.Release|x86.ActiveCfg = Release|Win32
		{FE54905D-374F-445E-89FF-8C75C0127568}.Release|x86.Build.0 = Release|Win32
		{35FBAF01-E9B0-40B6-A99D-D7F2ACD5DFB6}.Debug|x64.ActiveCfg = Debug|x64
		{35FBAF01-E9B0-40B6-A99D-D7F2ACD5DFB6}.Debug|x64.Build.0 = Debug|x64
		{35FBAF01-E9B0-40B6-A99D-D7F2ACD5DFB6}.Debug|x86.ActiveCfg = Debug|Win32
		{35FBAF01-E9B0-40B6-A99D-D7F2ACD5DFB6}.Debug|x86.Build.0 = Debug|Win32
		{35FBAF01-E9B0-40B6-A99D-D7F2ACD5DFB6}.Release|x64.ActiveCfg = Release|x64
		{35FBAF01-E9B0-40B6-A99D-D7F2ACD5DFB6}.Release|x64.Build.0 = Release|x64
		{35FBAF01-E9B0-40B6-A99D-D7F2ACD5DFB6}.Release|x86.ActiveCfg = Release|Win32
		{35FBAF01-E9B0-40B6-A99D-D7F2ACD5DFB6}.Release|x86.Build.0 = Release|Win32
		{F63030C2-FD30-475F-87E0-A0CCCF6F834B}.Debug|x64.ActiveCfg = Debug|x64
		{F63030C2-FD30-475F-87E0-A0CCCF6F834B}.Debug|x64.Build.0 = Debug|x64
		{F63030C2-FD30-475F-87E0-A0CCCF6F834B}.Debug|x86.ActiveCfg = Debug|Win32
		{F63030C2-FD30-475F-87E0-A0CCCF6F834B}.Debug|x86.Build.0 = Debug|Win32
		{F63030C2-FD30-475F-87E0-A0CCCF6F834B}.Release|x64.ActiveCfg = Release|x64
		{F63030C2-FD30-475F-87E0-A0CCCF6F834B}.Release|x64.Build.0 = Release|x64
		{F63030C2-FD30-475F-87E0-A0CCCF6F834B}.Release|x86.ActiveCfg = Release|Win32
		{F63030C2-FD30-475F-87E0-A0CCCF6F834B}.Release|x86.Build.0 = Release|Win32
		{ACC5315E-BEBD-4B22-8E67-EA0D448B49D6}.Debug|x64.ActiveCfg = Debug|x64
		{ACC5315E-BEBD-4B22-8E67-EA0D448B49D6}.Debug|x64.Build.0 = Debug|x64
		{ACC5315E-BEBD-4B22-8E67-EA0D448B49D6}.Debug|x86.ActiveCfg = Debug|Win32
		{ACC5315E-BEBD-4B22-8E67-EA0D448B49D6}.Debug|x86.Build.0 = Debug|Win32
		{ACC5315E-BEBD-4B22-8E67-EA0D448B49D6}.Release|x64.ActiveCfg = Release|x64
		{ACC5315E-BEBD-4B22-8E67-EA0D448B49D6}.Release|x64.Build.0 = Release|x64
		{ACC5315E-BEBD-4B22-8E67-EA0D448B49D6}.Release|x86.ActiveCfg = Release|Win32
		{ACC5315E-BEBD-4B22-8E67-EA0D448B49D6}.Release|x86.Build.0 = Release|Win32
		{AEC3EB34-FA2E-42D2-89AA-77A4EBB05747}.Debug|x64.ActiveCfg = Debug|x64
		{AEC3EB34-FA2E-42D2-89AA-77A4EBB05747}.Debug|x64.Build.0 = Debug|x64
		{AEC3EB34-FA2E-42D2-89AA-77A4EBB05747}.Debug|x86.ActiveCfg = Debug|Win32
		{AEC3EB34-FA2E-42D2-89AA-77A4EBB05747}.Debug|x86.Build.0 = Debug|Win32
		{AEC3EB34-FA2E-42D2-89AA-77A4EBB05747}.Release|x64.ActiveCfg = Release|x64
		{AEC3EB34-FA2E-42D2-89AA-77A4EBB05747}.Release|x64.Build.0 = Release|x64
		{AEC3EB34-FA2E-42D2-89AA-77A4EBB05747}.Release|x86.ActiveCfg = Release|Win32
		{AEC3EB34-FA2E-42D2-89AA-77A4EBB05747}.Release|x86.Build.0 = Release|Win32
		{B808A824-53CF-4091-B18C-D634BA78D97C}.Debug|x64.ActiveCfg = Debug|x64
		{B808A824-53CF-4091-B18C-D634BA78D97C}.Debug|x64.Build.0 = Debug|x64
		{B808A824-53CF-4091-B18C-D634BA78D97C}.Debug|x86.ActiveCfg = Debug|Win32
		{B808A824-53CF-4091-B18C-D634BA78D97C}.Debug|x86.Build.0 = Debug|Win32
		{B808A824-53CF-4091-B18C-D634BA78D97C}.Release|x64.ActiveCfg = Release|x64
		{B808A824-53CF-4091-B18C-D634BA78D97C}.Release|x64.Build.0 = Release|x64
		{B808A824-53CF-4091-B18C-D634BA78D97C}.Release|x86.ActiveCfg = Release|Win32
		{B808A824-53CF-4091-B18C-D634BA78D97C}.Release|x86.Build.0 = Release|Win32
		{80DE0DDE-E4FB-4125-9060-7DAB1C59D58E}.Debug|x64.ActiveCfg = Debug|x64
		{80DE0DDE-E4FB-4125-9060-7DAB1C59D58E}.Debug|x64.Build.0 = Debug|x64
		{80DE0DDE-E4FB-4125-9060-7DAB1C59D58E}.Debug|x86.ActiveCfg = Debug|Win32
		{80DE0DDE-E4FB-4125-9060-7DAB1C59D58E}.Debug|x86.Build.0 = Debug|Win32
		{80DE0DDE-E4FB-4125-9060-7DAB1C59D58E}.Release|x64.ActiveCfg = Release|x64
		{80DE0DDE-E4FB-4125-9060-7DAB1C59D58E}.Release|x64.Build.0 = Release|x64
		{80DE0DDE-E4FB-4125-9060-7DAB1C59D58E}.Release|x86.ActiveCfg = Release|Win32
		{80DE0DDE-E4FB-4125-9060-7DAB1C59D58E}.Release|x86.Build.0 = Release|Win32
	EndGlobalSection
	GlobalSection(SolutionProperties) = preSolution
		HideSolutionNode = FALSE
	EndGlobalSection
	GlobalSection(ExtensibilityGlobals) = postSolution
		SolutionGuid = {6EC1C890-CCBE-44B1-BFAE-C34D3FC29C2A}
	EndGlobalSection
EndGlobal
